PODS:
  - AWSAuthCore (2.13.3):
    - AWSCore (= 2.13.3)
  - AWSCognitoIdentityProvider (2.13.3):
    - AWSCognitoIdentityProviderASF (= 1.0.1)
    - AWSCore (= 2.13.3)
  - AWSCognitoIdentityProviderASF (1.0.1)
  - AWSCore (2.13.3)
  - AWSKinesisVideo (2.13.3):
    - AWSCore (= 2.13.3)
  - AWSKinesisVideoSignaling (2.13.3):
    - AWSCore (= 2.13.3)
  - AWSMobileClient (2.13.3):
    - AWSAuthCore (= 2.13.3)
    - AWSCognitoIdentityProvider (= 2.13.3)
  - RxBlocking (5.1.1):
    - RxSwift (~> 5)
  - RxSwift (5.1.1)
  - RxTest (5.1.1):
    - RxSwift (~> 5)
  - SwiftLint (0.34.0)

DEPENDENCIES:
  - AWSCognitoIdentityProvider
  - AWSKinesisVideo
  - AWSKinesisVideoSignaling
  - AWSMobileClient
  - RxBlocking
  - RxSwift
  - RxTest
  - SwiftLint

SPEC REPOS:
  https://github.com/CocoaPods/Specs.git:
    - AWSAuthCore
    - AWSCognitoIdentityProvider
    - AWSCognitoIdentityProviderASF
    - AWSCore
    - AWSKinesisVideo
    - AWSKinesisVideoSignaling
    - AWSMobileClient
    - RxBlocking
    - RxSwift
    - RxTest
    - SwiftLint

SPEC CHECKSUMS:
  AWSAuthCore: 93b71ac38596e75790015c7299c725bb09ae1d5f
  AWSCognitoIdentityProvider: 3480819d983e78eda7a43e141273756784be30cb
  AWSCognitoIdentityProviderASF: f94f1a502e72ef3d0a1de93e10bf7a79c8698118
  AWSCore: fc361166b595e3c0183c55987743b295646c39d2
  AWSKinesisVideo: e52bd5da816234da368c05d7b666fdfb2898b2d6
  AWSKinesisVideoSignaling: c6e08e4ead28d6fee616da1bcfdd7aef2dd39897
  AWSMobileClient: 9149b664d1a89279bd49d36598c7afc38a63d7d1
  RxBlocking: 5f700a78cad61ce253ebd37c9a39b5ccc76477b4
  RxSwift: 81470a2074fa8780320ea5fe4102807cb7118178
  RxTest: 711632d5644dffbeb62c936a521b5b008a1e1faa
  SwiftLint: 79d48a17c6565dc286c37efb8322c7b450f95c67

PODFILE CHECKSUM: 76c6d1c5bcdfc6ba2352a2926c239f14bcb68d8b

COCOAPODS: 1.9.1
